Microsoft Visual Studio Solution File, Format Version 11.00
# Visual Studio 2008

Project("{D9D5F45E-7FF3-F68C-97F7-05A90412FB36}") = "pewpew", "Assembly-CSharp.csproj", "{C0D6DC5C-7167-3099-D3B2-4CCC7BAF5260}"
EndProject
Global
	GlobalSection(SolutionConfigurationPlatforms) = preSolution
		Debug|Any CPU = Debug|Any CPU
		Release|Any CPU = Release|Any CPU
	EndGlobalSection
	GlobalSection(ProjectConfigurationPlatforms) = postSolution
		{C0D6DC5C-7167-3099-D3B2-4CCC7BAF5260}.Debug|Any CPU.ActiveCfg = Debug|Any CPU
		{C0D6DC5C-7167-3099-D3B2-4CCC7BAF5260}.Debug|Any CPU.Build.0 = Debug|Any CPU
		{C0D6DC5C-7167-3099-D3B2-4CCC7BAF5260}.Release|Any CPU.ActiveCfg = Release|Any CPU
		{C0D6DC5C-7167-3099-D3B2-4CCC7BAF5260}.Release|Any CPU.Build.0 = Release|Any CPU
	EndGlobalSection
	GlobalSection(SolutionProperties) = preSolution
		HideSolutionNode = FALSE
	EndGlobalSection
																					GlobalSection(MonoDevelopProperties) = preSolution
		StartupItem = Assembly-CSharp.csproj
		Policies = $0
		$0.TextStylePolicy = $1
		$1.inheritsSet = null
		$1.scope = text/x-csharp
		$0.CSharpFormattingPolicy = $2
		$2.inheritsSet = Mono
		$2.inheritsScope = text/x-csharp
		$2.scope = text/x-csharp
		$0.TextStylePolicy = $3
		$3.FileWidth = 120
		$3.TabWidth = 4
		$3.IndentWidth = 4
		$3.EolMarker = Unix
		$3.inheritsSet = Mono
		$3.inheritsScope = text/plain
		$3.scope = text/plain
	EndGlobalSection

EndGlobal
